
Microsoft Visual Studio Solution File, Format Version 12.00
# Visual Studio Version 17
VisualStudioVersion = 17.2.32630.192
MinimumVisualStudioVersion = 10.0.40219.1
Project("{FAE04EC0-301F-11D3-BF4B-00C04F79EFBC}") = "MPHrando", "MPHrando\MPHrando.csproj", "{B0E7913E-6EE1-4335-9710-07D8B639CE22}"
EndProject
Global
	GlobalSection(SolutionConfigurationPlatforms) = preSolution
		Debug|Any CPU = Debug|Any CPU
		Release|Any CPU = Release|Any CPU
	EndGlobalSection
	GlobalSection(ProjectConfigurationPlatforms) = postSolution
		{B0E7913E-6EE1-4335-9710-07D8B639CE22}.Debug|Any CPU.ActiveCfg = Debug|Any CPU
		{B0E7913E-6EE1-4335-9710-07D8B639CE22}.Debug|Any CPU.Build.0 = Debug|Any CPU
		{B0E7913E-6EE1-4335-9710-07D8B639CE22}.Release|Any CPU.ActiveCfg = Release|Any CPU
		{B0E7913E-6EE1-4335-9710-07D8B639CE22}.Release|Any CPU.Build.0 = Release|Any CPU
	EndGlobalSection
	GlobalSection(SolutionProperties) = preSolution
		HideSolutionNode = FALSE
	EndGlobalSection
	GlobalSection(ExtensibilityGlobals) = postSolution
		SolutionGuid = {55025940-22FC-47D5-B3BA-4F3CE6D5A4C6}
	EndGlobalSection
EndGlobal
